
Microsoft Visual Studio Solution File, Format Version 12.00
# Visual Studio Version 17
VisualStudioVersion = 17.12.35521.163
MinimumVisualStudioVersion = 10.0.40219.1
Project("{2150E333-8FDC-42A3-9474-1A3956D46DE8}") = "Core", "Core", "{263C8757-5E03-4840-A218-ED486404474A}"
EndProject
Project("{2150E333-8FDC-42A3-9474-1A3956D46DE8}") = "UserManagement", "UserManagement", "{4D39C5F7-E586-48C6-9541-978F0E2E0AB9}"
EndProject
Project("{2150E333-8FDC-42A3-9474-1A3956D46DE8}") = "Bootstrapper", "Bootstrapper", "{26D293D5-2C85-4F53-9C46-9B1478461302}"
EndProject
Project("{FAE04EC0-301F-11D3-BF4B-00C04F79EFBC}") = "Bootstrapper", "Bootstrapper\Bootstrapper.csproj", "{B62ED484-0C48-4EBB-A715-0A8009FAFFC4}"
EndProject
Project("{2150E333-8FDC-42A3-9474-1A3956D46DE8}") = "Modules", "Modules", "{84DD2525-DF80-478E-A716-2F7749E19AC8}"
EndProject
Project("{2150E333-8FDC-42A3-9474-1A3956D46DE8}") = "SharedUtils", "SharedUtils", "{7C1BC7AD-36E8-4811-90D7-61CA8C9D4B91}"
EndProject
Project("{FAE04EC0-301F-11D3-BF4B-00C04F79EFBC}") = "SharedUtils", "SharedUtils\SharedUtils\SharedUtils.csproj", "{34FA16C6-475B-4723-B37C-CE323AEF78D5}"
EndProject
Project("{FAE04EC0-301F-11D3-BF4B-00C04F79EFBC}") = "SharedUtils.Domain", "SharedUtils\SharedUtils.Domain\SharedUtils.Domain.csproj", "{C0359D7C-9D56-489B-A03A-A77ECBA0C754}"
EndProject
Project("{FAE04EC0-301F-11D3-BF4B-00C04F79EFBC}") = "Modules.UserManagement.API", "Modules\UserManagement\Modules.UserManagement.API\Modules.UserManagement.API.csproj", "{F00E8587-FED5-4CBB-A49B-AA9DFE765758}"
EndProject
Project("{FAE04EC0-301F-11D3-BF4B-00C04F79EFBC}") = "Modules.UserManagement.App", "Modules\UserManagement\Modules.UserManagement.App\Modules.UserManagement.App.csproj", "{D47C2652-7E16-448D-8A9C-7C970C6BD7AB}"
EndProject
Project("{FAE04EC0-301F-11D3-BF4B-00C04F79EFBC}") = "Modules.UserManagement.Domain", "Modules\UserManagement\Modules.UserManagement.Domain\Modules.UserManagement.Domain.csproj", "{26107318-BEDB-44BE-BD06-30DD5377644F}"
EndProject
Project("{FAE04EC0-301F-11D3-BF4B-00C04F79EFBC}") = "Modules.UserManagement.Infrastructure", "Modules\UserManagement\Modules.UserManagement.Infrastructure\Modules.UserManagement.Infrastructure.csproj", "{2B432D96-21CD-4278-813E-11FF00653617}"
EndProject
Project("{2150E333-8FDC-42A3-9474-1A3956D46DE8}") = "Solution Items", "Solution Items", "{6871B37E-86E3-4D9B-9FE0-C68CAE4A8B90}"
	ProjectSection(SolutionItems) = preProject
		..\instrcutions.txt = ..\instrcutions.txt
	EndProjectSection
EndProject
Project("{FAE04EC0-301F-11D3-BF4B-00C04F79EFBC}") = "Modules.Core.API", "Modules\Core\Modules.Core.API\Modules.Core.API.csproj", "{21769593-0C86-48DC-ACCE-DC845BCA4B31}"
EndProject
Project("{FAE04EC0-301F-11D3-BF4B-00C04F79EFBC}") = "Modules.Core.App", "Modules\Core\Modules.Core.App\Modules.Core.App.csproj", "{534A51D1-9962-4BAA-BF13-5C4348E90EEF}"
EndProject
Project("{FAE04EC0-301F-11D3-BF4B-00C04F79EFBC}") = "Modules.Core.Domain", "Modules\Core\Modules.Core.Domain\Modules.Core.Domain.csproj", "{6E547118-5671-47E0-8C3E-DEABB822DF8F}"
EndProject
Project("{FAE04EC0-301F-11D3-BF4B-00C04F79EFBC}") = "Modules.Core.Infrastructure", "Modules\Core\Modules.Core.Infrastructure\Modules.Core.Infrastructure.csproj", "{B47C75BF-69E8-477E-A53F-5F1855793173}"
EndProject
Project("{FAE04EC0-301F-11D3-BF4B-00C04F79EFBC}") = "Modules.UserManagement.IntegrationEvents", "Modules\UserManagement\Modules.UserManagement.IntegrationEvents\Modules.UserManagement.IntegrationEvents.csproj", "{007A2EBC-3189-4958-B061-17EEBCAD9A4C}"
EndProject
Project("{2150E333-8FDC-42A3-9474-1A3956D46DE8}") = "Tests", "Tests", "{046578FA-EC53-406F-AD41-715ECE6DA8D3}"
EndProject
Project("{FAE04EC0-301F-11D3-BF4B-00C04F79EFBC}") = "Core.Tests", "Tests\Core.Tests\Core.Tests.csproj", "{5B164743-63E5-40A3-B70A-AC529E703862}"
EndProject
Project("{FAE04EC0-301F-11D3-BF4B-00C04F79EFBC}") = "UserManagement.Tests", "Tests\UserManagement.Tests\UserManagement.Tests.csproj", "{A78DA2CC-3290-49DD-BA79-24DB3DDD199A}"
EndProject
Project("{2150E333-8FDC-42A3-9474-1A3956D46DE8}") = "BackgourndTasks", "BackgourndTasks", "{C5B04C18-0794-4ACD-81E9-3C3DEC2BC453}"
EndProject
Project("{FAE04EC0-301F-11D3-BF4B-00C04F79EFBC}") = "BackgroundTasks", "BackgroundTasks\BackgroundTasks.csproj", "{36C0BA14-5D08-4E43-B09F-A5034E1AE5C5}"
EndProject
Project("{2150E333-8FDC-42A3-9474-1A3956D46DE8}") = "Env", "Env", "{104314AB-D802-405F-9F36-6C424E24E77F}"
	ProjectSection(SolutionItems) = preProject
		..\Env\docker-compose-dev.yml = ..\Env\docker-compose-dev.yml
		..\Env\docker-compose-local.yml = ..\Env\docker-compose-local.yml
		..\Env\docker-compose-prod.yml = ..\Env\docker-compose-prod.yml
		..\Env\RunLocalDockerEnv.cmd = ..\Env\RunLocalDockerEnv.cmd
	EndProjectSection
EndProject
Project("{2150E333-8FDC-42A3-9474-1A3956D46DE8}") = "database-init", "database-init", "{439D3D46-AF74-42E1-9DFD-34E67E69C71B}"
	ProjectSection(SolutionItems) = preProject
		..\Env\database-init\init-db.sql = ..\Env\database-init\init-db.sql
	EndProjectSection
EndProject
Project("{2150E333-8FDC-42A3-9474-1A3956D46DE8}") = "Docker", "Docker", "{8F96A16F-CA52-4E8B-8E9B-3383DC9E122D}"
	ProjectSection(SolutionItems) = preProject
		BackgroundTasks.Dockerfile = BackgroundTasks.Dockerfile
		Bootstrapper.Dockerfile = Bootstrapper.Dockerfile
	EndProjectSection
EndProject
Global
	GlobalSection(SolutionConfigurationPlatforms) = preSolution
		Debug|Any CPU = Debug|Any CPU
		Release|Any CPU = Release|Any CPU
	EndGlobalSection
	GlobalSection(ProjectConfigurationPlatforms) = postSolution
		{B62ED484-0C48-4EBB-A715-0A8009FAFFC4}.Debug|Any CPU.ActiveCfg = Debug|Any CPU
		{B62ED484-0C48-4EBB-A715-0A8009FAFFC4}.Debug|Any CPU.Build.0 = Debug|Any CPU
		{B62ED484-0C48-4EBB-A715-0A8009FAFFC4}.Release|Any CPU.ActiveCfg = Release|Any CPU
		{B62ED484-0C48-4EBB-A715-0A8009FAFFC4}.Release|Any CPU.Build.0 = Release|Any CPU
		{34FA16C6-475B-4723-B37C-CE323AEF78D5}.Debug|Any CPU.ActiveCfg = Debug|Any CPU
		{34FA16C6-475B-4723-B37C-CE323AEF78D5}.Debug|Any CPU.Build.0 = Debug|Any CPU
		{34FA16C6-475B-4723-B37C-CE323AEF78D5}.Release|Any CPU.ActiveCfg = Release|Any CPU
		{34FA16C6-475B-4723-B37C-CE323AEF78D5}.Release|Any CPU.Build.0 = Release|Any CPU
		{C0359D7C-9D56-489B-A03A-A77ECBA0C754}.Debug|Any CPU.ActiveCfg = Debug|Any CPU
		{C0359D7C-9D56-489B-A03A-A77ECBA0C754}.Debug|Any CPU.Build.0 = Debug|Any CPU
		{C0359D7C-9D56-489B-A03A-A77ECBA0C754}.Release|Any CPU.ActiveCfg = Release|Any CPU
		{C0359D7C-9D56-489B-A03A-A77ECBA0C754}.Release|Any CPU.Build.0 = Release|Any CPU
		{F00E8587-FED5-4CBB-A49B-AA9DFE765758}.Debug|Any CPU.ActiveCfg = Debug|Any CPU
		{F00E8587-FED5-4CBB-A49B-AA9DFE765758}.Debug|Any CPU.Build.0 = Debug|Any CPU
		{F00E8587-FED5-4CBB-A49B-AA9DFE765758}.Release|Any CPU.ActiveCfg = Release|Any CPU
		{F00E8587-FED5-4CBB-A49B-AA9DFE765758}.Release|Any CPU.Build.0 = Release|Any CPU
		{D47C2652-7E16-448D-8A9C-7C970C6BD7AB}.Debug|Any CPU.ActiveCfg = Debug|Any CPU
		{D47C2652-7E16-448D-8A9C-7C970C6BD7AB}.Debug|Any CPU.Build.0 = Debug|Any CPU
		{D47C2652-7E16-448D-8A9C-7C970C6BD7AB}.Release|Any CPU.ActiveCfg = Release|Any CPU
		{D47C2652-7E16-448D-8A9C-7C970C6BD7AB}.Release|Any CPU.Build.0 = Release|Any CPU
		{26107318-BEDB-44BE-BD06-30DD5377644F}.Debug|Any CPU.ActiveCfg = Debug|Any CPU
		{26107318-BEDB-44BE-BD06-30DD5377644F}.Debug|Any CPU.Build.0 = Debug|Any CPU
		{26107318-BEDB-44BE-BD06-30DD5377644F}.Release|Any CPU.ActiveCfg = Release|Any CPU
		{26107318-BEDB-44BE-BD06-30DD5377644F}.Release|Any CPU.Build.0 = Release|Any CPU
		{2B432D96-21CD-4278-813E-11FF00653617}.Debug|Any CPU.ActiveCfg = Debug|Any CPU
		{2B432D96-21CD-4278-813E-11FF00653617}.Debug|Any CPU.Build.0 = Debug|Any CPU
		{2B432D96-21CD-4278-813E-11FF00653617}.Release|Any CPU.ActiveCfg = Release|Any CPU
		{2B432D96-21CD-4278-813E-11FF00653617}.Release|Any CPU.Build.0 = Release|Any CPU
		{21769593-0C86-48DC-ACCE-DC845BCA4B31}.Debug|Any CPU.ActiveCfg = Debug|Any CPU
		{21769593-0C86-48DC-ACCE-DC845BCA4B31}.Debug|Any CPU.Build.0 = Debug|Any CPU
		{21769593-0C86-48DC-ACCE-DC845BCA4B31}.Release|Any CPU.ActiveCfg = Release|Any CPU
		{21769593-0C86-48DC-ACCE-DC845BCA4B31}.Release|Any CPU.Build.0 = Release|Any CPU
		{534A51D1-9962-4BAA-BF13-5C4348E90EEF}.Debug|Any CPU.ActiveCfg = Debug|Any CPU
		{534A51D1-9962-4BAA-BF13-5C4348E90EEF}.Debug|Any CPU.Build.0 = Debug|Any CPU
		{534A51D1-9962-4BAA-BF13-5C4348E90EEF}.Release|Any CPU.ActiveCfg = Release|Any CPU
		{534A51D1-9962-4BAA-BF13-5C4348E90EEF}.Release|Any CPU.Build.0 = Release|Any CPU
		{6E547118-5671-47E0-8C3E-DEABB822DF8F}.Debug|Any CPU.ActiveCfg = Debug|Any CPU
		{6E547118-5671-47E0-8C3E-DEABB822DF8F}.Debug|Any CPU.Build.0 = Debug|Any CPU
		{6E547118-5671-47E0-8C3E-DEABB822DF8F}.Release|Any CPU.ActiveCfg = Release|Any CPU
		{6E547118-5671-47E0-8C3E-DEABB822DF8F}.Release|Any CPU.Build.0 = Release|Any CPU
		{B47C75BF-69E8-477E-A53F-5F1855793173}.Debug|Any CPU.ActiveCfg = Debug|Any CPU
		{B47C75BF-69E8-477E-A53F-5F1855793173}.Debug|Any CPU.Build.0 = Debug|Any CPU
		{B47C75BF-69E8-477E-A53F-5F1855793173}.Release|Any CPU.ActiveCfg = Release|Any CPU
		{B47C75BF-69E8-477E-A53F-5F1855793173}.Release|Any CPU.Build.0 = Release|Any CPU
		{007A2EBC-3189-4958-B061-17EEBCAD9A4C}.Debug|Any CPU.ActiveCfg = Debug|Any CPU
		{007A2EBC-3189-4958-B061-17EEBCAD9A4C}.Debug|Any CPU.Build.0 = Debug|Any CPU
		{007A2EBC-3189-4958-B061-17EEBCAD9A4C}.Release|Any CPU.ActiveCfg = Release|Any CPU
		{007A2EBC-3189-4958-B061-17EEBCAD9A4C}.Release|Any CPU.Build.0 = Release|Any CPU
		{5B164743-63E5-40A3-B70A-AC529E703862}.Debug|Any CPU.ActiveCfg = Debug|Any CPU
		{5B164743-63E5-40A3-B70A-AC529E703862}.Debug|Any CPU.Build.0 = Debug|Any CPU
		{5B164743-63E5-40A3-B70A-AC529E703862}.Release|Any CPU.ActiveCfg = Release|Any CPU
		{5B164743-63E5-40A3-B70A-AC529E703862}.Release|Any CPU.Build.0 = Release|Any CPU
		{A78DA2CC-3290-49DD-BA79-24DB3DDD199A}.Debug|Any CPU.ActiveCfg = Debug|Any CPU
		{A78DA2CC-3290-49DD-BA79-24DB3DDD199A}.Debug|Any CPU.Build.0 = Debug|Any CPU
		{A78DA2CC-3290-49DD-BA79-24DB3DDD199A}.Release|Any CPU.ActiveCfg = Release|Any CPU
		{A78DA2CC-3290-49DD-BA79-24DB3DDD199A}.Release|Any CPU.Build.0 = Release|Any CPU
		{36C0BA14-5D08-4E43-B09F-A5034E1AE5C5}.Debug|Any CPU.ActiveCfg = Debug|Any CPU
		{36C0BA14-5D08-4E43-B09F-A5034E1AE5C5}.Debug|Any CPU.Build.0 = Debug|Any CPU
		{36C0BA14-5D08-4E43-B09F-A5034E1AE5C5}.Release|Any CPU.ActiveCfg = Release|Any CPU
		{36C0BA14-5D08-4E43-B09F-A5034E1AE5C5}.Release|Any CPU.Build.0 = Release|Any CPU
	EndGlobalSection
	GlobalSection(SolutionProperties) = preSolution
		HideSolutionNode = FALSE
	EndGlobalSection
	GlobalSection(NestedProjects) = preSolution
		{263C8757-5E03-4840-A218-ED486404474A} = {84DD2525-DF80-478E-A716-2F7749E19AC8}
		{4D39C5F7-E586-48C6-9541-978F0E2E0AB9} = {84DD2525-DF80-478E-A716-2F7749E19AC8}
		{B62ED484-0C48-4EBB-A715-0A8009FAFFC4} = {26D293D5-2C85-4F53-9C46-9B1478461302}
		{34FA16C6-475B-4723-B37C-CE323AEF78D5} = {7C1BC7AD-36E8-4811-90D7-61CA8C9D4B91}
		{C0359D7C-9D56-489B-A03A-A77ECBA0C754} = {7C1BC7AD-36E8-4811-90D7-61CA8C9D4B91}
		{F00E8587-FED5-4CBB-A49B-AA9DFE765758} = {4D39C5F7-E586-48C6-9541-978F0E2E0AB9}
		{D47C2652-7E16-448D-8A9C-7C970C6BD7AB} = {4D39C5F7-E586-48C6-9541-978F0E2E0AB9}
		{26107318-BEDB-44BE-BD06-30DD5377644F} = {4D39C5F7-E586-48C6-9541-978F0E2E0AB9}
		{2B432D96-21CD-4278-813E-11FF00653617} = {4D39C5F7-E586-48C6-9541-978F0E2E0AB9}
		{21769593-0C86-48DC-ACCE-DC845BCA4B31} = {263C8757-5E03-4840-A218-ED486404474A}
		{534A51D1-9962-4BAA-BF13-5C4348E90EEF} = {263C8757-5E03-4840-A218-ED486404474A}
		{6E547118-5671-47E0-8C3E-DEABB822DF8F} = {263C8757-5E03-4840-A218-ED486404474A}
		{B47C75BF-69E8-477E-A53F-5F1855793173} = {263C8757-5E03-4840-A218-ED486404474A}
		{007A2EBC-3189-4958-B061-17EEBCAD9A4C} = {4D39C5F7-E586-48C6-9541-978F0E2E0AB9}
		{5B164743-63E5-40A3-B70A-AC529E703862} = {046578FA-EC53-406F-AD41-715ECE6DA8D3}
		{A78DA2CC-3290-49DD-BA79-24DB3DDD199A} = {046578FA-EC53-406F-AD41-715ECE6DA8D3}
		{36C0BA14-5D08-4E43-B09F-A5034E1AE5C5} = {C5B04C18-0794-4ACD-81E9-3C3DEC2BC453}
		{104314AB-D802-405F-9F36-6C424E24E77F} = {6871B37E-86E3-4D9B-9FE0-C68CAE4A8B90}
		{439D3D46-AF74-42E1-9DFD-34E67E69C71B} = {104314AB-D802-405F-9F36-6C424E24E77F}
		{8F96A16F-CA52-4E8B-8E9B-3383DC9E122D} = {6871B37E-86E3-4D9B-9FE0-C68CAE4A8B90}
	EndGlobalSection
EndGlobal
